
Microsoft Visual Studio Solution File, Format Version 11.00
# Visual Studio 2010
Project("{FAE04EC0-301F-11D3-BF4B-00C04F79EFBC}") = "Assembly-CSharp", "Assembly-CSharp.csproj", "{68C4000C-3E41-6E43-AE8A-7B259A619557}"
EndProject
Project("{FAE04EC0-301F-11D3-BF4B-00C04F79EFBC}") = "Assembly-CSharp-Editor", "Assembly-CSharp-Editor.csproj", "{71A9C275-0BCC-513A-D0F9-3E44D264096B}"
EndProject
Global
	GlobalSection(SolutionConfigurationPlatforms) = preSolution
		Debug|Any CPU = Debug|Any CPU
		Release|Any CPU = Release|Any CPU
	EndGlobalSection
	GlobalSection(ProjectConfigurationPlatforms) = postSolution
		{68C4000C-3E41-6E43-AE8A-7B259A619557}.Debug|Any CPU.ActiveCfg = Debug|Any CPU
		{68C4000C-3E41-6E43-AE8A-7B259A619557}.Debug|Any CPU.Build.0 = Debug|Any CPU
		{68C4000C-3E41-6E43-AE8A-7B259A619557}.Release|Any CPU.ActiveCfg = Release|Any CPU
		{68C4000C-3E41-6E43-AE8A-7B259A619557}.Release|Any CPU.Build.0 = Release|Any CPU
		{71A9C275-0BCC-513A-D0F9-3E44D264096B}.Debug|Any CPU.ActiveCfg = Debug|Any CPU
		{71A9C275-0BCC-513A-D0F9-3E44D264096B}.Debug|Any CPU.Build.0 = Debug|Any CPU
		{71A9C275-0BCC-513A-D0F9-3E44D264096B}.Release|Any CPU.ActiveCfg = Release|Any CPU
		{71A9C275-0BCC-513A-D0F9-3E44D264096B}.Release|Any CPU.Build.0 = Release|Any CPU
	EndGlobalSection
	GlobalSection(SolutionProperties) = preSolution
		HideSolutionNode = FALSE
	EndGlobalSection
	GlobalSection(MonoDevelopProperties) = preSolution
		StartupItem = Assembly-CSharp.csproj
	EndGlobalSection
EndGlobal
